// !$*UTF8*$!
{
	archiveVersion = 1;
	classes = {
	};
	objectVersion = 51;
	objects = {

/* Begin PBXBuildFile section */
		4B0CFD2726948197009CF027 /* AppDelegate.swift in Sources */ = {isa = PBXBuildFile; fileRef = 4B0CFD2626948197009CF027 /* AppDelegate.swift */; };
		4B0CFD2926948197009CF027 /* SceneDelegate.swift in Sources */ = {isa = PBXBuildFile; fileRef = 4B0CFD2826948197009CF027 /* SceneDelegate.swift */; };
		4B0CFD2B26948197009CF027 /* ViewController.swift in Sources */ = {isa = PBXBuildFile; fileRef = 4B0CFD2A26948197009CF027 /* ViewController.swift */; };
		4B0CFD2E26948197009CF027 /* Main.storyboard in Resources */ = {isa = PBXBuildFile; fileRef = 4B0CFD2C26948197009CF027 /* Main.storyboard */; };
		4B0CFD302694819C009CF027 /* Assets.xcassets in Resources */ = {isa = PBXBuildFile; fileRef = 4B0CFD2F2694819C009CF027 /* Assets.xcassets */; };
		4B0CFD332694819C009CF027 /* LaunchScreen.storyboard in Resources */ = {isa = PBXBuildFile; fileRef = 4B0CFD312694819C009CF027 /* LaunchScreen.storyboard */; };
		4B0CFD3F2694831F009CF027 /* Session.swift in Sources */ = {isa = PBXBuildFile; fileRef = 4B0CFD3E2694831F009CF027 /* Session.swift */; };
		4B0CFD452697FE50009CF027 /* VKAuthViewController.swift in Sources */ = {isa = PBXBuildFile; fileRef = 4B0CFD442697FE50009CF027 /* VKAuthViewController.swift */; };
		4B0CFD4926981193009CF027 /* APIService.swift in Sources */ = {isa = PBXBuildFile; fileRef = 4B0CFD4826981192009CF027 /* APIService.swift */; };
		4B0CFD4D26981CA1009CF027 /* FriendsViewController.swift in Sources */ = {isa = PBXBuildFile; fileRef = 4B0CFD4C26981CA1009CF027 /* FriendsViewController.swift */; };
		4B0CFD5226981CD6009CF027 /* GroupsViewController.swift in Sources */ = {isa = PBXBuildFile; fileRef = 4B0CFD5126981CD6009CF027 /* GroupsViewController.swift */; };
		4B0CFD57269822CA009CF027 /* Logger.swift in Sources */ = {isa = PBXBuildFile; fileRef = 4B0CFD56269822C9009CF027 /* Logger.swift */; };
		4B0CFD5A269C1D20009CF027 /* FriendsViewCell.swift in Sources */ = {isa = PBXBuildFile; fileRef = 4B0CFD59269C1D1E009CF027 /* FriendsViewCell.swift */; };
		4B0CFD60269D550D009CF027 /* Friends.swift in Sources */ = {isa = PBXBuildFile; fileRef = 4B0CFD5F269D550C009CF027 /* Friends.swift */; };
		4B0CFD63269D624E009CF027 /* URLconverter.swift in Sources */ = {isa = PBXBuildFile; fileRef = 4B0CFD62269D624D009CF027 /* URLconverter.swift */; };
		4B0CFD6A269E9F44009CF027 /* GroupsViewCell.swift in Sources */ = {isa = PBXBuildFile; fileRef = 4B0CFD69269E9F43009CF027 /* GroupsViewCell.swift */; };
		4B0CFD6D269EA865009CF027 /* Groups.swift in Sources */ = {isa = PBXBuildFile; fileRef = 4B0CFD6C269EA865009CF027 /* Groups.swift */; };
		4B3FCD9B26A0037D007F475D /* Photos.swift in Sources */ = {isa = PBXBuildFile; fileRef = 4B3FCD9A26A0037D007F475D /* Photos.swift */; };
		4B3FCD9F26A01AC3007F475D /* PhotoViewController.swift in Sources */ = {isa = PBXBuildFile; fileRef = 4B3FCD9E26A01AC3007F475D /* PhotoViewController.swift */; };
		4B3FCDA326A01B06007F475D /* PhotoCollectionViewCell.swift in Sources */ = {isa = PBXBuildFile; fileRef = 4B3FCDA226A01B06007F475D /* PhotoCollectionViewCell.swift */; };
		C744AFC3AD5085B6C61487DC /* Pods_VKClientServer.framework in Frameworks */ = {isa = PBXBuildFile; fileRef = 8E2A8528F3116A47EF5200B8 /* Pods_VKClientServer.framework */; };
/* End PBXBuildFile section */

/* Begin PBXFileReference section */
		45F1DD9EFABF6113FBD8DA33 /* Pods-VKClientServer.debug.xcconfig */ = {isa = PBXFileReference; includeInIndex = 1; lastKnownFileType = text.xcconfig; name = "Pods-VKClientServer.debug.xcconfig"; path = "Target Support Files/Pods-VKClientServer/Pods-VKClientServer.debug.xcconfig"; sourceTree = "<group>"; };
		4B0CFD2326948197009CF027 /* VKClientServer.app */ = {isa = PBXFileReference; explicitFileType = wrapper.application; includeInIndex = 0; path = VKClientServer.app; sourceTree = BUILT_PRODUCTS_DIR; };
		4B0CFD2626948197009CF027 /* AppDelegate.swift */ = {isa = PBXFileReference; lastKnownFileType = sourcecode.swift; path = AppDelegate.swift; sourceTree = "<group>"; };
		4B0CFD2826948197009CF027 /* SceneDelegate.swift */ = {isa = PBXFileReference; lastKnownFileType = sourcecode.swift; path = SceneDelegate.swift; sourceTree = "<group>"; };
		4B0CFD2A26948197009CF027 /* ViewController.swift */ = {isa = PBXFileReference; lastKnownFileType = sourcecode.swift; path = ViewController.swift; sourceTree = "<group>"; };
		4B0CFD2D26948197009CF027 /* Base */ = {isa = PBXFileReference; lastKnownFileType = file.storyboard; name = Base; path = Base.lproj/Main.storyboard; sourceTree = "<group>"; };
		4B0CFD2F2694819C009CF027 /* Assets.xcassets */ = {isa = PBXFileReference; lastKnownFileType = folder.assetcatalog; path = Assets.xcassets; sourceTree = "<group>"; };
		4B0CFD322694819C009CF027 /* Base */ = {isa = PBXFileReference; lastKnownFileType = file.storyboard; name = Base; path = Base.lproj/LaunchScreen.storyboard; sourceTree = "<group>"; };
		4B0CFD342694819C009CF027 /* Info.plist */ = {isa = PBXFileReference; lastKnownFileType = text.plist.xml; path = Info.plist; sourceTree = "<group>"; };
		4B0CFD3E2694831F009CF027 /* Session.swift */ = {isa = PBXFileReference; lastKnownFileType = sourcecode.swift; path = Session.swift; sourceTree = "<group>"; };
		4B0CFD442697FE50009CF027 /* VKAuthViewController.swift */ = {isa = PBXFileReference; lastKnownFileType = sourcecode.swift; path = VKAuthViewController.swift; sourceTree = "<group>"; };
		4B0CFD4826981192009CF027 /* APIService.swift */ = {isa = PBXFileReference; lastKnownFileType = sourcecode.swift; path = APIService.swift; sourceTree = "<group>"; };
		4B0CFD4C26981CA1009CF027 /* FriendsViewController.swift */ = {isa = PBXFileReference; lastKnownFileType = sourcecode.swift; path = FriendsViewController.swift; sourceTree = "<group>"; };
		4B0CFD5126981CD6009CF027 /* GroupsViewController.swift */ = {isa = PBXFileReference; lastKnownFileType = sourcecode.swift; path = GroupsViewController.swift; sourceTree = "<group>"; };
		4B0CFD56269822C9009CF027 /* Logger.swift */ = {isa = PBXFileReference; lastKnownFileType = sourcecode.swift; path = Logger.swift; sourceTree = "<group>"; };
		4B0CFD59269C1D1E009CF027 /* FriendsViewCell.swift */ = {isa = PBXFileReference; lastKnownFileType = sourcecode.swift; path = FriendsViewCell.swift; sourceTree = "<group>"; };
		4B0CFD5F269D550C009CF027 /* Friends.swift */ = {isa = PBXFileReference; lastKnownFileType = sourcecode.swift; path = Friends.swift; sourceTree = "<group>"; };
		4B0CFD62269D624D009CF027 /* URLconverter.swift */ = {isa = PBXFileReference; lastKnownFileType = sourcecode.swift; path = URLconverter.swift; sourceTree = "<group>"; };
		4B0CFD69269E9F43009CF027 /* GroupsViewCell.swift */ = {isa = PBXFileReference; lastKnownFileType = sourcecode.swift; path = GroupsViewCell.swift; sourceTree = "<group>"; };
		4B0CFD6C269EA865009CF027 /* Groups.swift */ = {isa = PBXFileReference; lastKnownFileType = sourcecode.swift; path = Groups.swift; sourceTree = "<group>"; };
		4B3FCD9A26A0037D007F475D /* Photos.swift */ = {isa = PBXFileReference; lastKnownFileType = sourcecode.swift; path = Photos.swift; sourceTree = "<group>"; };
		4B3FCD9E26A01AC3007F475D /* PhotoViewController.swift */ = {isa = PBXFileReference; lastKnownFileType = sourcecode.swift; path = PhotoViewController.swift; sourceTree = "<group>"; };
		4B3FCDA226A01B06007F475D /* PhotoCollectionViewCell.swift */ = {isa = PBXFileReference; lastKnownFileType = sourcecode.swift; path = PhotoCollectionViewCell.swift; sourceTree = "<group>"; };
		710CB09145AAC765BE2AC523 /* Pods-VKClientServer.release.xcconfig */ = {isa = PBXFileReference; includeInIndex = 1; lastKnownFileType = text.xcconfig; name = "Pods-VKClientServer.release.xcconfig"; path = "Target Support Files/Pods-VKClientServer/Pods-VKClientServer.release.xcconfig"; sourceTree = "<group>"; };
		8E2A8528F3116A47EF5200B8 /* Pods_VKClientServer.framework */ = {isa = PBXFileReference; explicitFileType = wrapper.framework; includeInIndex = 0; path = Pods_VKClientServer.framework; sourceTree = BUILT_PRODUCTS_DIR; };
/* End PBXFileReference section */

/* Begin PBXFrameworksBuildPhase section */
		4B0CFD2026948197009CF027 /* Frameworks */ = {
			isa = PBXFrameworksBuildPhase;
			buildActionMask = 2147483647;
			files = (
				C744AFC3AD5085B6C61487DC /* Pods_VKClientServer.framework in Frameworks */,
			);
			runOnlyForDeploymentPostprocessing = 0;
		};
/* End PBXFrameworksBuildPhase section */

/* Begin PBXGroup section */
		4B0CFD1A26948197009CF027 = {
			isa = PBXGroup;
			children = (
				4B0CFD41269483C9009CF027 /* Network */,
				4B0CFD2526948197009CF027 /* VKClientServer */,
				4B0CFD2426948197009CF027 /* Products */,
				BAA00B26A3C9A51194FE9F12 /* Pods */,
				B2C9DAD4855968C64FF3D658 /* Frameworks */,
			);
			sourceTree = "<group>";
		};
		4B0CFD2426948197009CF027 /* Products */ = {
			isa = PBXGroup;
			children = (
				4B0CFD2326948197009CF027 /* VKClientServer.app */,
			);
			name = Products;
			sourceTree = "<group>";
		};
		4B0CFD2526948197009CF027 /* VKClientServer */ = {
			isa = PBXGroup;
			children = (
				4B0CFD3B26948206009CF027 /* Resources */,
				4B0CFD2626948197009CF027 /* AppDelegate.swift */,
				4B0CFD2826948197009CF027 /* SceneDelegate.swift */,
			);
			path = VKClientServer;
			sourceTree = "<group>";
		};
		4B0CFD3B26948206009CF027 /* Resources */ = {
			isa = PBXGroup;
			children = (
				4B3FCD9D26A01A9E007F475D /* Photos */,
				4B0CFD5E269D54C0009CF027 /* models */,
				4B0CFD5C269D4DF9009CF027 /* Services */,
				4B0CFD5026981CB1009CF027 /* Group */,
				4B0CFD4B26981C83009CF027 /* Friends */,
				4B0CFD2A26948197009CF027 /* ViewController.swift */,
				4B0CFD2C26948197009CF027 /* Main.storyboard */,
				4B0CFD2F2694819C009CF027 /* Assets.xcassets */,
				4B0CFD312694819C009CF027 /* LaunchScreen.storyboard */,
				4B0CFD342694819C009CF027 /* Info.plist */,
				4B0CFD442697FE50009CF027 /* VKAuthViewController.swift */,
				4B0CFD56269822C9009CF027 /* Logger.swift */,
			);
			path = Resources;
			sourceTree = "<group>";
		};
		4B0CFD41269483C9009CF027 /* Network */ = {
			isa = PBXGroup;
			children = (
				4B0CFD3E2694831F009CF027 /* Session.swift */,
			);
			path = Network;
			sourceTree = "<group>";
		};
		4B0CFD4B26981C83009CF027 /* Friends */ = {
			isa = PBXGroup;
			children = (
				4B0CFD4C26981CA1009CF027 /* FriendsViewController.swift */,
				4B0CFD59269C1D1E009CF027 /* FriendsViewCell.swift */,
			);
			path = Friends;
			sourceTree = "<group>";
		};
		4B0CFD5026981CB1009CF027 /* Group */ = {
			isa = PBXGroup;
			children = (
				4B0CFD5126981CD6009CF027 /* GroupsViewController.swift */,
				4B0CFD69269E9F43009CF027 /* GroupsViewCell.swift */,
			);
			path = Group;
			sourceTree = "<group>";
		};
		4B0CFD5C269D4DF9009CF027 /* Services */ = {
			isa = PBXGroup;
			children = (
				4B0CFD4826981192009CF027 /* APIService.swift */,
				4B0CFD62269D624D009CF027 /* URLconverter.swift */,
			);
			path = Services;
			sourceTree = "<group>";
		};
		4B0CFD5E269D54C0009CF027 /* models */ = {
			isa = PBXGroup;
			children = (
				4B0CFD5F269D550C009CF027 /* Friends.swift */,
				4B0CFD6C269EA865009CF027 /* Groups.swift */,
				4B3FCD9A26A0037D007F475D /* Photos.swift */,
			);
			path = models;
			sourceTree = "<group>";
		};
		4B3FCD9D26A01A9E007F475D /* Photos */ = {
			isa = PBXGroup;
			children = (
				4B3FCD9E26A01AC3007F475D /* PhotoViewController.swift */,
				4B3FCDA226A01B06007F475D /* PhotoCollectionViewCell.swift */,
			);
			path = Photos;
			sourceTree = "<group>";
		};
		B2C9DAD4855968C64FF3D658 /* Frameworks */ = {
			isa = PBXGroup;
			children = (
				8E2A8528F3116A47EF5200B8 /* Pods_VKClientServer.framework */,
			);
			name = Frameworks;
			sourceTree = "<group>";
		};
		BAA00B26A3C9A51194FE9F12 /* Pods */ = {
			isa = PBXGroup;
			children = (
				45F1DD9EFABF6113FBD8DA33 /* Pods-VKClientServer.debug.xcconfig */,
				710CB09145AAC765BE2AC523 /* Pods-VKClientServer.release.xcconfig */,
			);
			path = Pods;
			sourceTree = "<group>";
		};
/* End PBXGroup section */

/* Begin PBXNativeTarget section */
		4B0CFD2226948197009CF027 /* VKClientServer */ = {
			isa = PBXNativeTarget;
			buildConfigurationList = 4B0CFD372694819C009CF027 /* Build configuration list for PBXNativeTarget "VKClientServer" */;
			buildPhases = (
				4D187F44296F7E365BF96393 /* [CP] Check Pods Manifest.lock */,
				4B0CFD1F26948197009CF027 /* Sources */,
				4B0CFD2026948197009CF027 /* Frameworks */,
				4B0CFD2126948197009CF027 /* Resources */,
				FCC4835B4AD100FCA3F3A085 /* [CP] Embed Pods Frameworks */,
			);
			buildRules = (
			);
			dependencies = (
			);
			name = VKClientServer;
			productName = VKClientServer;
			productReference = 4B0CFD2326948197009CF027 /* VKClientServer.app */;
			productType = "com.apple.product-type.application";
		};
/* End PBXNativeTarget section */

/* Begin PBXProject section */
		4B0CFD1B26948197009CF027 /* Project object */ = {
			isa = PBXProject;
			attributes = {
				LastSwiftUpdateCheck = 1200;
				LastUpgradeCheck = 1200;
				TargetAttributes = {
					4B0CFD2226948197009CF027 = {
						CreatedOnToolsVersion = 12.0.1;
					};
				};
			};
			buildConfigurationList = 4B0CFD1E26948197009CF027 /* Build configuration list for PBXProject "VKClientServer" */;
			compatibilityVersion = "Xcode 9.3";
			developmentRegion = en;
			hasScannedForEncodings = 0;
			knownRegions = (
				en,
				Base,
			);
			mainGroup = 4B0CFD1A26948197009CF027;
			productRefGroup = 4B0CFD2426948197009CF027 /* Products */;
			projectDirPath = "";
			projectRoot = "";
			targets = (
				4B0CFD2226948197009CF027 /* VKClientServer */,
			);
		};
/* End PBXProject section */

/* Begin PBXResourcesBuildPhase section */
		4B0CFD2126948197009CF027 /* Resources */ = {
			isa = PBXResourcesBuildPhase;
			buildActionMask = 2147483647;
			files = (
				4B0CFD332694819C009CF027 /* LaunchScreen.storyboard in Resources */,
				4B0CFD302694819C009CF027 /* Assets.xcassets in Resources */,
				4B0CFD2E26948197009CF027 /* Main.storyboard in Resources */,
			);
			runOnlyForDeploymentPostprocessing = 0;
		};
/* End PBXResourcesBuildPhase section */

/* Begin PBXShellScriptBuildPhase section */
		4D187F44296F7E365BF96393 /* [CP] Check Pods Manifest.lock */ = {
			isa = PBXShellScriptBuildPhase;
			buildActionMask = 2147483647;
			files = (
			);
			inputFileListPaths = (
			);
			inputPaths = (
				"${PODS_PODFILE_DIR_PATH}/Podfile.lock",
				"${PODS_ROOT}/Manifest.lock",
			);
			name = "[CP] Check Pods Manifest.lock";
			outputFileListPaths = (
			);
			outputPaths = (
				"$(DERIVED_FILE_DIR)/Pods-VKClientServer-checkManifestLockResult.txt",
			);
			runOnlyForDeploymentPostprocessing = 0;
			shellPath = /bin/sh;
			shellScript = "diff \"${PODS_PODFILE_DIR_PATH}/Podfile.lock\" \"${PODS_ROOT}/Manifest.lock\" > /dev/null\nif [ $? != 0 ] ; then\n    # print error to STDERR\n    echo \"error: The sandbox is not in sync with the Podfile.lock. Run 'pod install' or update your CocoaPods installation.\" >&2\n    exit 1\nfi\n# This output is used by Xcode 'outputs' to avoid re-running this script phase.\necho \"SUCCESS\" > \"${SCRIPT_OUTPUT_FILE_0}\"\n";
			showEnvVarsInLog = 0;
		};
		FCC4835B4AD100FCA3F3A085 /* [CP] Embed Pods Frameworks */ = {
			isa = PBXShellScriptBuildPhase;
			buildActionMask = 2147483647;
			files = (
			);
			inputFileListPaths = (
				"${PODS_ROOT}/Target Support Files/Pods-VKClientServer/Pods-VKClientServer-frameworks-${CONFIGURATION}-input-files.xcfilelist",
			);
			name = "[CP] Embed Pods Frameworks";
			outputFileListPaths = (
				"${PODS_ROOT}/Target Support Files/Pods-VKClientServer/Pods-VKClientServer-frameworks-${CONFIGURATION}-output-files.xcfilelist",
			);
			runOnlyForDeploymentPostprocessing = 0;
			shellPath = /bin/sh;
			shellScript = "\"${PODS_ROOT}/Target Support Files/Pods-VKClientServer/Pods-VKClientServer-frameworks.sh\"\n";
			showEnvVarsInLog = 0;
		};
/* End PBXShellScriptBuildPhase section */

/* Begin PBXSourcesBuildPhase section */
		4B0CFD1F26948197009CF027 /* Sources */ = {
			isa = PBXSourcesBuildPhase;
			buildActionMask = 2147483647;
			files = (
				4B0CFD3F2694831F009CF027 /* Session.swift in Sources */,
				4B0CFD6A269E9F44009CF027 /* GroupsViewCell.swift in Sources */,
				4B0CFD4926981193009CF027 /* APIService.swift in Sources */,
				4B3FCD9B26A0037D007F475D /* Photos.swift in Sources */,
				4B3FCDA326A01B06007F475D /* PhotoCollectionViewCell.swift in Sources */,
				4B0CFD452697FE50009CF027 /* VKAuthViewController.swift in Sources */,
				4B0CFD60269D550D009CF027 /* Friends.swift in Sources */,
				4B0CFD2B26948197009CF027 /* ViewController.swift in Sources */,
				4B0CFD5A269C1D20009CF027 /* FriendsViewCell.swift in Sources */,
				4B0CFD57269822CA009CF027 /* Logger.swift in Sources */,
				4B0CFD5226981CD6009CF027 /* GroupsViewController.swift in Sources */,
				4B0CFD63269D624E009CF027 /* URLconverter.swift in Sources */,
				4B0CFD4D26981CA1009CF027 /* FriendsViewController.swift in Sources */,
				4B0CFD2726948197009CF027 /* AppDelegate.swift in Sources */,
				4B3FCD9F26A01AC3007F475D /* PhotoViewController.swift in Sources */,
				4B0CFD2926948197009CF027 /* SceneDelegate.swift in Sources */,
				4B0CFD6D269EA865009CF027 /* Groups.swift in Sources */,
			);
			runOnlyForDeploymentPostprocessing = 0;
		};
/* End PBXSourcesBuildPhase section */

/* Begin PBXVariantGroup section */
		4B0CFD2C26948197009CF027 /* Main.storyboard */ = {
			isa = PBXVariantGroup;
			children = (
				4B0CFD2D26948197009CF027 /* Base */,
			);
			name = Main.storyboard;
			sourceTree = "<group>";
		};
		4B0CFD312694819C009CF027 /* LaunchScreen.storyboard */ = {
			isa = PBXVariantGroup;
			children = (
				4B0CFD322694819C009CF027 /* Base */,
			);
			name = LaunchScreen.storyboard;
			sourceTree = "<group>";
		};
/* End PBXVariantGroup section */

/* Begin XCBuildConfiguration section */
		4B0CFD352694819C009CF027 /* Debug */ = {
			isa = XCBuildConfiguration;
			buildSettings = {
				ALWAYS_SEARCH_USER_PATHS = NO;
				CLANG_ANALYZER_NONNULL = YES;
				CLANG_ANALYZER_NUMBER_OBJECT_CONVERSION = YES_AGGRESSIVE;
				CLANG_CXX_LANGUAGE_STANDARD = "gnu++14";
				CLANG_CXX_LIBRARY = "libc++";
				CLANG_ENABLE_MODULES = YES;
				CLANG_ENABLE_OBJC_ARC = YES;
				CLANG_ENABLE_OBJC_WEAK = YES;
				CLANG_WARN_BLOCK_CAPTURE_AUTORELEASING = YES;
				CLANG_WARN_BOOL_CONVERSION = YES;
				CLANG_WARN_COMMA = YES;
				CLANG_WARN_CONSTANT_CONVERSION = YES;
				CLANG_WARN_DEPRECATED_OBJC_IMPLEMENTATIONS = YES;
				CLANG_WARN_DIRECT_OBJC_ISA_USAGE = YES_ERROR;
				CLANG_WARN_DOCUMENTATION_COMMENTS = YES;
				CLANG_WARN_EMPTY_BODY = YES;
				CLANG_WARN_ENUM_CONVERSION = YES;
				CLANG_WARN_INFINITE_RECURSION = YES;
				CLANG_WARN_INT_CONVERSION = YES;
				CLANG_WARN_NON_LITERAL_NULL_CONVERSION = YES;
				CLANG_WARN_OBJC_IMPLICIT_RETAIN_SELF = YES;
				CLANG_WARN_OBJC_LITERAL_CONVERSION = YES;
				CLANG_WARN_OBJC_ROOT_CLASS = YES_ERROR;
				CLANG_WARN_QUOTED_INCLUDE_IN_FRAMEWORK_HEADER = YES;
				CLANG_WARN_RANGE_LOOP_ANALYSIS = YES;
				CLANG_WARN_STRICT_PROTOTYPES = YES;
				CLANG_WARN_SUSPICIOUS_MOVE = YES;
				CLANG_WARN_UNGUARDED_AVAILABILITY = YES_AGGRESSIVE;
				CLANG_WARN_UNREACHABLE_CODE = YES;
				CLANG_WARN__DUPLICATE_METHOD_MATCH = YES;
				COPY_PHASE_STRIP = NO;
				DEBUG_INFORMATION_FORMAT = dwarf;
				ENABLE_STRICT_OBJC_MSGSEND = YES;
				ENABLE_TESTABILITY = YES;
				GCC_C_LANGUAGE_STANDARD = gnu11;
				GCC_DYNAMIC_NO_PIC = NO;
				GCC_NO_COMMON_BLOCKS = YES;
				GCC_OPTIMIZATION_LEVEL = 0;
				GCC_PREPROCESSOR_DEFINITIONS = (
					"DEBUG=1",
					"$(inherited)",
				);
				GCC_WARN_64_TO_32_BIT_CONVERSION = YES;
				GCC_WARN_ABOUT_RETURN_TYPE = YES_ERROR;
				GCC_WARN_UNDECLARED_SELECTOR = YES;
				GCC_WARN_UNINITIALIZED_AUTOS = YES_AGGRESSIVE;
				GCC_WARN_UNUSED_FUNCTION = YES;
				GCC_WARN_UNUSED_VARIABLE = YES;
				IPHONEOS_DEPLOYMENT_TARGET = 14.0;
				MTL_ENABLE_DEBUG_INFO = INCLUDE_SOURCE;
				MTL_FAST_MATH = YES;
				ONLY_ACTIVE_ARCH = YES;
				SDKROOT = iphoneos;
				SWIFT_ACTIVE_COMPILATION_CONDITIONS = DEBUG;
				SWIFT_OPTIMIZATION_LEVEL = "-Onone";
			};
			name = Debug;
		};
		4B0CFD362694819C009CF027 /* Release */ = {
			isa = XCBuildConfiguration;
			buildSettings = {
				ALWAYS_SEARCH_USER_PATHS = NO;
				CLANG_ANALYZER_NONNULL = YES;
				CLANG_ANALYZER_NUMBER_OBJECT_CONVERSION = YES_AGGRESSIVE;
				CLANG_CXX_LANGUAGE_STANDARD = "gnu++14";
				CLANG_CXX_LIBRARY = "libc++";
				CLANG_ENABLE_MODULES = YES;
				CLANG_ENABLE_OBJC_ARC = YES;
				CLANG_ENABLE_OBJC_WEAK = YES;
				CLANG_WARN_BLOCK_CAPTURE_AUTORELEASING = YES;
				CLANG_WARN_BOOL_CONVERSION = YES;
				CLANG_WARN_COMMA = YES;
				CLANG_WARN_CONSTANT_CONVERSION = YES;
				CLANG_WARN_DEPRECATED_OBJC_IMPLEMENTATIONS = YES;
				CLANG_WARN_DIRECT_OBJC_ISA_USAGE = YES_ERROR;
				CLANG_WARN_DOCUMENTATION_COMMENTS = YES;
				CLANG_WARN_EMPTY_BODY = YES;
				CLANG_WARN_ENUM_CONVERSION = YES;
				CLANG_WARN_INFINITE_RECURSION = YES;
				CLANG_WARN_INT_CONVERSION = YES;
				CLANG_WARN_NON_LITERAL_NULL_CONVERSION = YES;
				CLANG_WARN_OBJC_IMPLICIT_RETAIN_SELF = YES;
				CLANG_WARN_OBJC_LITERAL_CONVERSION = YES;
				CLANG_WARN_OBJC_ROOT_CLASS = YES_ERROR;
				CLANG_WARN_QUOTED_INCLUDE_IN_FRAMEWORK_HEADER = YES;
				CLANG_WARN_RANGE_LOOP_ANALYSIS = YES;
				CLANG_WARN_STRICT_PROTOTYPES = YES;
				CLANG_WARN_SUSPICIOUS_MOVE = YES;
				CLANG_WARN_UNGUARDED_AVAILABILITY = YES_AGGRESSIVE;
				CLANG_WARN_UNREACHABLE_CODE = YES;
				CLANG_WARN__DUPLICATE_METHOD_MATCH = YES;
				COPY_PHASE_STRIP = NO;
				DEBUG_INFORMATION_FORMAT = "dwarf-with-dsym";
				ENABLE_NS_ASSERTIONS = NO;
				ENABLE_STRICT_OBJC_MSGSEND = YES;
				GCC_C_LANGUAGE_STANDARD = gnu11;
				GCC_NO_COMMON_BLOCKS = YES;
				GCC_WARN_64_TO_32_BIT_CONVERSION = YES;
				GCC_WARN_ABOUT_RETURN_TYPE = YES_ERROR;
				GCC_WARN_UNDECLARED_SELECTOR = YES;
				GCC_WARN_UNINITIALIZED_AUTOS = YES_AGGRESSIVE;
				GCC_WARN_UNUSED_FUNCTION = YES;
				GCC_WARN_UNUSED_VARIABLE = YES;
				IPHONEOS_DEPLOYMENT_TARGET = 14.0;
				MTL_ENABLE_DEBUG_INFO = NO;
				MTL_FAST_MATH = YES;
				SDKROOT = iphoneos;
				SWIFT_COMPILATION_MODE = wholemodule;
				SWIFT_OPTIMIZATION_LEVEL = "-O";
				VALIDATE_PRODUCT = YES;
			};
			name = Release;
		};
		4B0CFD382694819C009CF027 /* Debug */ = {
			isa = XCBuildConfiguration;
			baseConfigurationReference = 45F1DD9EFABF6113FBD8DA33 /* Pods-VKClientServer.debug.xcconfig */;
			buildSettings = {
				ASSETCATALOG_COMPILER_APPICON_NAME = AppIcon;
				ASSETCATALOG_COMPILER_GLOBAL_ACCENT_COLOR_NAME = AccentColor;
				CODE_SIGN_STYLE = Automatic;
				DEVELOPMENT_TEAM = N68H75HU58;
				INFOPLIST_FILE = VKClientServer/Resources/Info.plist;
				LD_RUNPATH_SEARCH_PATHS = (
					"$(inherited)",
					"@executable_path/Frameworks",
				);
				PRODUCT_BUNDLE_IDENTIFIER = com.Ualexeyv.VKClientServer;
				PRODUCT_NAME = "$(TARGET_NAME)";
				SWIFT_VERSION = 5.0;
				TARGETED_DEVICE_FAMILY = "1,2";
			};
			name = Debug;
		};
		4B0CFD392694819C009CF027 /* Release */ = {
			isa = XCBuildConfiguration;
			baseConfigurationReference = 710CB09145AAC765BE2AC523 /* Pods-VKClientServer.release.xcconfig */;
			buildSettings = {
				ASSETCATALOG_COMPILER_APPICON_NAME = AppIcon;
				ASSETCATALOG_COMPILER_GLOBAL_ACCENT_COLOR_NAME = AccentColor;
				CODE_SIGN_STYLE = Automatic;
				DEVELOPMENT_TEAM = N68H75HU58;
				INFOPLIST_FILE = VKClientServer/Resources/Info.plist;
				LD_RUNPATH_SEARCH_PATHS = (
					"$(inherited)",
					"@executable_path/Frameworks",
				);
				PRODUCT_BUNDLE_IDENTIFIER = com.Ualexeyv.VKClientServer;
				PRODUCT_NAME = "$(TARGET_NAME)";
				SWIFT_VERSION = 5.0;
				TARGETED_DEVICE_FAMILY = "1,2";
			};
			name = Release;
		};
/* End XCBuildConfiguration section */

/* Begin XCConfigurationList section */
		4B0CFD1E26948197009CF027 /* Build configuration list for PBXProject "VKClientServer" */ = {
			isa = XCConfigurationList;
			buildConfigurations = (
				4B0CFD352694819C009CF027 /* Debug */,
				4B0CFD362694819C009CF027 /* Release */,
			);
			defaultConfigurationIsVisible = 0;
			defaultConfigurationName = Release;
		};
		4B0CFD372694819C009CF027 /* Build configuration list for PBXNativeTarget "VKClientServer" */ = {
			isa = XCConfigurationList;
			buildConfigurations = (
				4B0CFD382694819C009CF027 /* Debug */,
				4B0CFD392694819C009CF027 /* Release */,
			);
			defaultConfigurationIsVisible = 0;
			defaultConfigurationName = Release;
		};
/* End XCConfigurationList section */
	};
	rootObject = 4B0CFD1B26948197009CF027 /* Project object */;
}
